
Microsoft Visual Studio Solution File, Format Version 12.00
# Visual Studio Version 17
VisualStudioVersion = 17.8.34322.80
MinimumVisualStudioVersion = 10.0.40219.1
Project("{9A19103F-16F7-4668-BE54-9A1E7A4F7556}") = "Core", "Core\Core.csproj", "{26ED4AAE-813D-419D-8401-B8CE7D5BD475}"
EndProject
Project("{9A19103F-16F7-4668-BE54-9A1E7A4F7556}") = "Entities", "Entities\Entities.csproj", "{84E46E87-B5BB-4B2F-9CC5-DA83E288E811}"
EndProject
Project("{9A19103F-16F7-4668-BE54-9A1E7A4F7556}") = "DataAccess", "DataAccess\DataAccess.csproj", "{166AD064-EC50-4126-86B5-EA505FA30A8A}"
EndProject
Project("{9A19103F-16F7-4668-BE54-9A1E7A4F7556}") = "WebAPI", "WebAPI\WebAPI.csproj", "{38904F69-1571-4E6D-B20C-69E249E8653D}"
EndProject
Project("{FAE04EC0-301F-11D3-BF4B-00C04F79EFBC}") = "Business", "Business\Business.csproj", "{52DEC408-8399-4478-8F0F-F89691744F38}"
EndProject
Global
	GlobalSection(SolutionConfigurationPlatforms) = preSolution
		Debug|Any CPU = Debug|Any CPU
		Release|Any CPU = Release|Any CPU
	EndGlobalSection
	GlobalSection(ProjectConfigurationPlatforms) = postSolution
		{26ED4AAE-813D-419D-8401-B8CE7D5BD475}.Debug|Any CPU.ActiveCfg = Debug|Any CPU
		{26ED4AAE-813D-419D-8401-B8CE7D5BD475}.Debug|Any CPU.Build.0 = Debug|Any CPU
		{26ED4AAE-813D-419D-8401-B8CE7D5BD475}.Release|Any CPU.ActiveCfg = Release|Any CPU
		{26ED4AAE-813D-419D-8401-B8CE7D5BD475}.Release|Any CPU.Build.0 = Release|Any CPU
		{84E46E87-B5BB-4B2F-9CC5-DA83E288E811}.Debug|Any CPU.ActiveCfg = Debug|Any CPU
		{84E46E87-B5BB-4B2F-9CC5-DA83E288E811}.Debug|Any CPU.Build.0 = Debug|Any CPU
		{84E46E87-B5BB-4B2F-9CC5-DA83E288E811}.Release|Any CPU.ActiveCfg = Release|Any CPU
		{84E46E87-B5BB-4B2F-9CC5-DA83E288E811}.Release|Any CPU.Build.0 = Release|Any CPU
		{166AD064-EC50-4126-86B5-EA505FA30A8A}.Debug|Any CPU.ActiveCfg = Debug|Any CPU
		{166AD064-EC50-4126-86B5-EA505FA30A8A}.Debug|Any CPU.Build.0 = Debug|Any CPU
		{166AD064-EC50-4126-86B5-EA505FA30A8A}.Release|Any CPU.ActiveCfg = Release|Any CPU
		{166AD064-EC50-4126-86B5-EA505FA30A8A}.Release|Any CPU.Build.0 = Release|Any CPU
		{38904F69-1571-4E6D-B20C-69E249E8653D}.Debug|Any CPU.ActiveCfg = Debug|Any CPU
		{38904F69-1571-4E6D-B20C-69E249E8653D}.Debug|Any CPU.Build.0 = Debug|Any CPU
		{38904F69-1571-4E6D-B20C-69E249E8653D}.Release|Any CPU.ActiveCfg = Release|Any CPU
		{38904F69-1571-4E6D-B20C-69E249E8653D}.Release|Any CPU.Build.0 = Release|Any CPU
		{52DEC408-8399-4478-8F0F-F89691744F38}.Debug|Any CPU.ActiveCfg = Debug|Any CPU
		{52DEC408-8399-4478-8F0F-F89691744F38}.Debug|Any CPU.Build.0 = Debug|Any CPU
		{52DEC408-8399-4478-8F0F-F89691744F38}.Release|Any CPU.ActiveCfg = Release|Any CPU
		{52DEC408-8399-4478-8F0F-F89691744F38}.Release|Any CPU.Build.0 = Release|Any CPU
	EndGlobalSection
	GlobalSection(SolutionProperties) = preSolution
		HideSolutionNode = FALSE
	EndGlobalSection
	GlobalSection(ExtensibilityGlobals) = postSolution
		SolutionGuid = {A30434F6-06A6-4A88-BE3E-521030CAE0DD}
	EndGlobalSection
EndGlobal
