
Microsoft Visual Studio Solution File, Format Version 12.00
# Visual Studio Version 17
VisualStudioVersion = 17.8.34322.80
MinimumVisualStudioVersion = 10.0.40219.1
Project("{FAE04EC0-301F-11D3-BF4B-00C04F79EFBC}") = "Core", "Core\Core.csproj", "{26ED4AAE-813D-419D-8401-B8CE7D5BD475}"
EndProject
Project("{FAE04EC0-301F-11D3-BF4B-00C04F79EFBC}") = "Entities", "Entities\Entities.csproj", "{84E46E87-B5BB-4B2F-9CC5-DA83E288E811}"
EndProject
Global
	GlobalSection(SolutionConfigurationPlatforms) = preSolution
		Debug|Any CPU = Debug|Any CPU
		Release|Any CPU = Release|Any CPU
	EndGlobalSection
	GlobalSection(ProjectConfigurationPlatforms) = postSolution
		{26ED4AAE-813D-419D-8401-B8CE7D5BD475}.Debug|Any CPU.ActiveCfg = Debug|Any CPU
		{26ED4AAE-813D-419D-8401-B8CE7D5BD475}.Debug|Any CPU.Build.0 = Debug|Any CPU
		{26ED4AAE-813D-419D-8401-B8CE7D5BD475}.Release|Any CPU.ActiveCfg = Release|Any CPU
		{26ED4AAE-813D-419D-8401-B8CE7D5BD475}.Release|Any CPU.Build.0 = Release|Any CPU
		{84E46E87-B5BB-4B2F-9CC5-DA83E288E811}.Debug|Any CPU.ActiveCfg = Debug|Any CPU
		{84E46E87-B5BB-4B2F-9CC5-DA83E288E811}.Debug|Any CPU.Build.0 = Debug|Any CPU
		{84E46E87-B5BB-4B2F-9CC5-DA83E288E811}.Release|Any CPU.ActiveCfg = Release|Any CPU
		{84E46E87-B5BB-4B2F-9CC5-DA83E288E811}.Release|Any CPU.Build.0 = Release|Any CPU
	EndGlobalSection
	GlobalSection(SolutionProperties) = preSolution
		HideSolutionNode = FALSE
	EndGlobalSection
	GlobalSection(ExtensibilityGlobals) = postSolution
		SolutionGuid = {A30434F6-06A6-4A88-BE3E-521030CAE0DD}
	EndGlobalSection
EndGlobal
